// !$*UTF8*$!
{
	archiveVersion = 1;
	classes = {
	};
	objectVersion = 50;
	objects = {

/* Begin PBXBuildFile section */
		D9E2D7B8251278DF0038FBDC /* AppDelegate.swift in Sources */ = {isa = PBXBuildFile; fileRef = D9E2D7B7251278DF0038FBDC /* AppDelegate.swift */; };
		D9E2D7BA251278DF0038FBDC /* SceneDelegate.swift in Sources */ = {isa = PBXBuildFile; fileRef = D9E2D7B9251278DF0038FBDC /* SceneDelegate.swift */; };
		D9E2D7BC251278DF0038FBDC /* ViewController.swift in Sources */ = {isa = PBXBuildFile; fileRef = D9E2D7BB251278DF0038FBDC /* ViewController.swift */; };
		D9E2D7BF251278DF0038FBDC /* Main.storyboard in Resources */ = {isa = PBXBuildFile; fileRef = D9E2D7BD251278DF0038FBDC /* Main.storyboard */; };
		D9E2D7C1251278E00038FBDC /* Assets.xcassets in Resources */ = {isa = PBXBuildFile; fileRef = D9E2D7C0251278E00038FBDC /* Assets.xcassets */; };
		D9E2D7C4251278E00038FBDC /* LaunchScreen.storyboard in Resources */ = {isa = PBXBuildFile; fileRef = D9E2D7C2251278E00038FBDC /* LaunchScreen.storyboard */; };
/* End PBXBuildFile section */

/* Begin PBXFileReference section */
		D9E2D7B4251278DF0038FBDC /* HealthKitStats.app */ = {isa = PBXFileReference; explicitFileType = wrapper.application; includeInIndex = 0; path = HealthKitStats.app; sourceTree = BUILT_PRODUCTS_DIR; };
		D9E2D7B7251278DF0038FBDC /* AppDelegate.swift */ = {isa = PBXFileReference; lastKnownFileType = sourcecode.swift; path = AppDelegate.swift; sourceTree = "<group>"; };
		D9E2D7B9251278DF0038FBDC /* SceneDelegate.swift */ = {isa = PBXFileReference; lastKnownFileType = sourcecode.swift; path = SceneDelegate.swift; sourceTree = "<group>"; };
		D9E2D7BB251278DF0038FBDC /* ViewController.swift */ = {isa = PBXFileReference; lastKnownFileType = sourcecode.swift; path = ViewController.swift; sourceTree = "<group>"; };
		D9E2D7BE251278DF0038FBDC /* Base */ = {isa = PBXFileReference; lastKnownFileType = file.storyboard; name = Base; path = Base.lproj/Main.storyboard; sourceTree = "<group>"; };
		D9E2D7C0251278E00038FBDC /* Assets.xcassets */ = {isa = PBXFileReference; lastKnownFileType = folder.assetcatalog; path = Assets.xcassets; sourceTree = "<group>"; };
		D9E2D7C3251278E00038FBDC /* Base */ = {isa = PBXFileReference; lastKnownFileType = file.storyboard; name = Base; path = Base.lproj/LaunchScreen.storyboard; sourceTree = "<group>"; };
		D9E2D7C5251278E00038FBDC /* Info.plist */ = {isa = PBXFileReference; lastKnownFileType = text.plist.xml; path = Info.plist; sourceTree = "<group>"; };
/* End PBXFileReference section */

/* Begin PBXFrameworksBuildPhase section */
		D9E2D7B1251278DF0038FBDC /* Frameworks */ = {
			isa = PBXFrameworksBuildPhase;
			buildActionMask = 2147483647;
			files = (
			);
			runOnlyForDeploymentPostprocessing = 0;
		};
/* End PBXFrameworksBuildPhase section */

/* Begin PBXGroup section */
		D9E2D7AB251278DF0038FBDC = {
			isa = PBXGroup;
			children = (
				D9E2D7B6251278DF0038FBDC /* HealthKitStats */,
				D9E2D7B5251278DF0038FBDC /* Products */,
			);
			sourceTree = "<group>";
		};
		D9E2D7B5251278DF0038FBDC /* Products */ = {
			isa = PBXGroup;
			children = (
				D9E2D7B4251278DF0038FBDC /* HealthKitStats.app */,
			);
			name = Products;
			sourceTree = "<group>";
		};
		D9E2D7B6251278DF0038FBDC /* HealthKitStats */ = {
			isa = PBXGroup;
			children = (
				D9E2D7B7251278DF0038FBDC /* AppDelegate.swift */,
				D9E2D7B9251278DF0038FBDC /* SceneDelegate.swift */,
				D9E2D7BB251278DF0038FBDC /* ViewController.swift */,
				D9E2D7BD251278DF0038FBDC /* Main.storyboard */,
				D9E2D7C0251278E00038FBDC /* Assets.xcassets */,
				D9E2D7C2251278E00038FBDC /* LaunchScreen.storyboard */,
				D9E2D7C5251278E00038FBDC /* Info.plist */,
			);
			path = HealthKitStats;
			sourceTree = "<group>";
		};
/* End PBXGroup section */

/* Begin PBXNativeTarget section */
		D9E2D7B3251278DF0038FBDC /* HealthKitStats */ = {
			isa = PBXNativeTarget;
			buildConfigurationList = D9E2D7C8251278E00038FBDC /* Build configuration list for PBXNativeTarget "HealthKitStats" */;
			buildPhases = (
				D9E2D7B0251278DF0038FBDC /* Sources */,
				D9E2D7B1251278DF0038FBDC /* Frameworks */,
				D9E2D7B2251278DF0038FBDC /* Resources */,
			);
			buildRules = (
			);
			dependencies = (
			);
			name = HealthKitStats;
			productName = HealthKitStats;
			productReference = D9E2D7B4251278DF0038FBDC /* HealthKitStats.app */;
			productType = "com.apple.product-type.application";
		};
/* End PBXNativeTarget section */

/* Begin PBXProject section */
		D9E2D7AC251278DF0038FBDC /* Project object */ = {
			isa = PBXProject;
			attributes = {
				LastSwiftUpdateCheck = 1170;
				LastUpgradeCheck = 1170;
				ORGANIZATIONNAME = "Bailey Search";
				TargetAttributes = {
					D9E2D7B3251278DF0038FBDC = {
						CreatedOnToolsVersion = 11.7;
					};
				};
			};
			buildConfigurationList = D9E2D7AF251278DF0038FBDC /* Build configuration list for PBXProject "HealthKitStats" */;
			compatibilityVersion = "Xcode 9.3";
			developmentRegion = en;
			hasScannedForEncodings = 0;
			knownRegions = (
				en,
				Base,
			);
			mainGroup = D9E2D7AB251278DF0038FBDC;
			productRefGroup = D9E2D7B5251278DF0038FBDC /* Products */;
			projectDirPath = "";
			projectRoot = "";
			targets = (
				D9E2D7B3251278DF0038FBDC /* HealthKitStats */,
			);
		};
/* End PBXProject section */

/* Begin PBXResourcesBuildPhase section */
		D9E2D7B2251278DF0038FBDC /* Resources */ = {
			isa = PBXResourcesBuildPhase;
			buildActionMask = 2147483647;
			files = (
				D9E2D7C4251278E00038FBDC /* LaunchScreen.storyboard in Resources */,
				D9E2D7C1251278E00038FBDC /* Assets.xcassets in Resources */,
				D9E2D7BF251278DF0038FBDC /* Main.storyboard in Resources */,
			);
			runOnlyForDeploymentPostprocessing = 0;
		};
/* End PBXResourcesBuildPhase section */

/* Begin PBXSourcesBuildPhase section */
		D9E2D7B0251278DF0038FBDC /* Sources */ = {
			isa = PBXSourcesBuildPhase;
			buildActionMask = 2147483647;
			files = (
				D9E2D7BC251278DF0038FBDC /* ViewController.swift in Sources */,
				D9E2D7B8251278DF0038FBDC /* AppDelegate.swift in Sources */,
				D9E2D7BA251278DF0038FBDC /* SceneDelegate.swift in Sources */,
			);
			runOnlyForDeploymentPostprocessing = 0;
		};
/* End PBXSourcesBuildPhase section */

/* Begin PBXVariantGroup section */
		D9E2D7BD251278DF0038FBDC /* Main.storyboard */ = {
			isa = PBXVariantGroup;
			children = (
				D9E2D7BE251278DF0038FBDC /* Base */,
			);
			name = Main.storyboard;
			sourceTree = "<group>";
		};
		D9E2D7C2251278E00038FBDC /* LaunchScreen.storyboard */ = {
			isa = PBXVariantGroup;
			children = (
				D9E2D7C3251278E00038FBDC /* Base */,
			);
			name = LaunchScreen.storyboard;
			sourceTree = "<group>";
		};
/* End PBXVariantGroup section */

/* Begin XCBuildConfiguration section */
		D9E2D7C6251278E00038FBDC /* Debug */ = {
			isa = XCBuildConfiguration;
			buildSettings = {
				ALWAYS_SEARCH_USER_PATHS = NO;
				CLANG_ANALYZER_NONNULL = YES;
				CLANG_ANALYZER_NUMBER_OBJECT_CONVERSION = YES_AGGRESSIVE;
				CLANG_CXX_LANGUAGE_STANDARD = "gnu++14";
				CLANG_CXX_LIBRARY = "libc++";
				CLANG_ENABLE_MODULES = YES;
				CLANG_ENABLE_OBJC_ARC = YES;
				CLANG_ENABLE_OBJC_WEAK = YES;
				CLANG_WARN_BLOCK_CAPTURE_AUTORELEASING = YES;
				CLANG_WARN_BOOL_CONVERSION = YES;
				CLANG_WARN_COMMA = YES;
				CLANG_WARN_CONSTANT_CONVERSION = YES;
				CLANG_WARN_DEPRECATED_OBJC_IMPLEMENTATIONS = YES;
				CLANG_WARN_DIRECT_OBJC_ISA_USAGE = YES_ERROR;
				CLANG_WARN_DOCUMENTATION_COMMENTS = YES;
				CLANG_WARN_EMPTY_BODY = YES;
				CLANG_WARN_ENUM_CONVERSION = YES;
				CLANG_WARN_INFINITE_RECURSION = YES;
				CLANG_WARN_INT_CONVERSION = YES;
				CLANG_WARN_NON_LITERAL_NULL_CONVERSION = YES;
				CLANG_WARN_OBJC_IMPLICIT_RETAIN_SELF = YES;
				CLANG_WARN_OBJC_LITERAL_CONVERSION = YES;
				CLANG_WARN_OBJC_ROOT_CLASS = YES_ERROR;
				CLANG_WARN_RANGE_LOOP_ANALYSIS = YES;
				CLANG_WARN_STRICT_PROTOTYPES = YES;
				CLANG_WARN_SUSPICIOUS_MOVE = YES;
				CLANG_WARN_UNGUARDED_AVAILABILITY = YES_AGGRESSIVE;
				CLANG_WARN_UNREACHABLE_CODE = YES;
				CLANG_WARN__DUPLICATE_METHOD_MATCH = YES;
				COPY_PHASE_STRIP = NO;
				DEBUG_INFORMATION_FORMAT = dwarf;
				ENABLE_STRICT_OBJC_MSGSEND = YES;
				ENABLE_TESTABILITY = YES;
				GCC_C_LANGUAGE_STANDARD = gnu11;
				GCC_DYNAMIC_NO_PIC = NO;
				GCC_NO_COMMON_BLOCKS = YES;
				GCC_OPTIMIZATION_LEVEL = 0;
				GCC_PREPROCESSOR_DEFINITIONS = (
					"DEBUG=1",
					"$(inherited)",
				);
				GCC_WARN_64_TO_32_BIT_CONVERSION = YES;
				GCC_WARN_ABOUT_RETURN_TYPE = YES_ERROR;
				GCC_WARN_UNDECLARED_SELECTOR = YES;
				GCC_WARN_UNINITIALIZED_AUTOS = YES_AGGRESSIVE;
				GCC_WARN_UNUSED_FUNCTION = YES;
				GCC_WARN_UNUSED_VARIABLE = YES;
				IPHONEOS_DEPLOYMENT_TARGET = 13.7;
				MTL_ENABLE_DEBUG_INFO = INCLUDE_SOURCE;
				MTL_FAST_MATH = YES;
				ONLY_ACTIVE_ARCH = YES;
				SDKROOT = iphoneos;
				SWIFT_ACTIVE_COMPILATION_CONDITIONS = DEBUG;
				SWIFT_OPTIMIZATION_LEVEL = "-Onone";
			};
			name = Debug;
		};
		D9E2D7C7251278E00038FBDC /* Release */ = {
			isa = XCBuildConfiguration;
			buildSettings = {
				ALWAYS_SEARCH_USER_PATHS = NO;
				CLANG_ANALYZER_NONNULL = YES;
				CLANG_ANALYZER_NUMBER_OBJECT_CONVERSION = YES_AGGRESSIVE;
				CLANG_CXX_LANGUAGE_STANDARD = "gnu++14";
				CLANG_CXX_LIBRARY = "libc++";
				CLANG_ENABLE_MODULES = YES;
				CLANG_ENABLE_OBJC_ARC = YES;
				CLANG_ENABLE_OBJC_WEAK = YES;
				CLANG_WARN_BLOCK_CAPTURE_AUTORELEASING = YES;
				CLANG_WARN_BOOL_CONVERSION = YES;
				CLANG_WARN_COMMA = YES;
				CLANG_WARN_CONSTANT_CONVERSION = YES;
				CLANG_WARN_DEPRECATED_OBJC_IMPLEMENTATIONS = YES;
				CLANG_WARN_DIRECT_OBJC_ISA_USAGE = YES_ERROR;
				CLANG_WARN_DOCUMENTATION_COMMENTS = YES;
				CLANG_WARN_EMPTY_BODY = YES;
				CLANG_WARN_ENUM_CONVERSION = YES;
				CLANG_WARN_INFINITE_RECURSION = YES;
				CLANG_WARN_INT_CONVERSION = YES;
				CLANG_WARN_NON_LITERAL_NULL_CONVERSION = YES;
				CLANG_WARN_OBJC_IMPLICIT_RETAIN_SELF = YES;
				CLANG_WARN_OBJC_LITERAL_CONVERSION = YES;
				CLANG_WARN_OBJC_ROOT_CLASS = YES_ERROR;
				CLANG_WARN_RANGE_LOOP_ANALYSIS = YES;
				CLANG_WARN_STRICT_PROTOTYPES = YES;
				CLANG_WARN_SUSPICIOUS_MOVE = YES;
				CLANG_WARN_UNGUARDED_AVAILABILITY = YES_AGGRESSIVE;
				CLANG_WARN_UNREACHABLE_CODE = YES;
				CLANG_WARN__DUPLICATE_METHOD_MATCH = YES;
				COPY_PHASE_STRIP = NO;
				DEBUG_INFORMATION_FORMAT = "dwarf-with-dsym";
				ENABLE_NS_ASSERTIONS = NO;
				ENABLE_STRICT_OBJC_MSGSEND = YES;
				GCC_C_LANGUAGE_STANDARD = gnu11;
				GCC_NO_COMMON_BLOCKS = YES;
				GCC_WARN_64_TO_32_BIT_CONVERSION = YES;
				GCC_WARN_ABOUT_RETURN_TYPE = YES_ERROR;
				GCC_WARN_UNDECLARED_SELECTOR = YES;
				GCC_WARN_UNINITIALIZED_AUTOS = YES_AGGRESSIVE;
				GCC_WARN_UNUSED_FUNCTION = YES;
				GCC_WARN_UNUSED_VARIABLE = YES;
				IPHONEOS_DEPLOYMENT_TARGET = 13.7;
				MTL_ENABLE_DEBUG_INFO = NO;
				MTL_FAST_MATH = YES;
				SDKROOT = iphoneos;
				SWIFT_COMPILATION_MODE = wholemodule;
				SWIFT_OPTIMIZATION_LEVEL = "-O";
				VALIDATE_PRODUCT = YES;
			};
			name = Release;
		};
		D9E2D7C9251278E00038FBDC /* Debug */ = {
			isa = XCBuildConfiguration;
			buildSettings = {
				ASSETCATALOG_COMPILER_APPICON_NAME = AppIcon;
				CODE_SIGN_STYLE = Automatic;
				DEVELOPMENT_TEAM = 934323UZXY;
				INFOPLIST_FILE = HealthKitStats/Info.plist;
				LD_RUNPATH_SEARCH_PATHS = (
					"$(inherited)",
					"@executable_path/Frameworks",
				);
				PRODUCT_BUNDLE_IDENTIFIER = io.baileysearch.HealthKitStats;
				PRODUCT_NAME = "$(TARGET_NAME)";
				SWIFT_VERSION = 5.0;
				TARGETED_DEVICE_FAMILY = "1,2";
			};
			name = Debug;
		};
		D9E2D7CA251278E00038FBDC /* Release */ = {
			isa = XCBuildConfiguration;
			buildSettings = {
				ASSETCATALOG_COMPILER_APPICON_NAME = AppIcon;
				CODE_SIGN_STYLE = Automatic;
				DEVELOPMENT_TEAM = 934323UZXY;
				INFOPLIST_FILE = HealthKitStats/Info.plist;
				LD_RUNPATH_SEARCH_PATHS = (
					"$(inherited)",
					"@executable_path/Frameworks",
				);
				PRODUCT_BUNDLE_IDENTIFIER = io.baileysearch.HealthKitStats;
				PRODUCT_NAME = "$(TARGET_NAME)";
				SWIFT_VERSION = 5.0;
				TARGETED_DEVICE_FAMILY = "1,2";
			};
			name = Release;
		};
/* End XCBuildConfiguration section */

/* Begin XCConfigurationList section */
		D9E2D7AF251278DF0038FBDC /* Build configuration list for PBXProject "HealthKitStats" */ = {
			isa = XCConfigurationList;
			buildConfigurations = (
				D9E2D7C6251278E00038FBDC /* Debug */,
				D9E2D7C7251278E00038FBDC /* Release */,
			);
			defaultConfigurationIsVisible = 0;
			defaultConfigurationName = Release;
		};
		D9E2D7C8251278E00038FBDC /* Build configuration list for PBXNativeTarget "HealthKitStats" */ = {
			isa = XCConfigurationList;
			buildConfigurations = (
				D9E2D7C9251278E00038FBDC /* Debug */,
				D9E2D7CA251278E00038FBDC /* Release */,
			);
			defaultConfigurationIsVisible = 0;
			defaultConfigurationName = Release;
		};
/* End XCConfigurationList section */
	};
	rootObject = D9E2D7AC251278DF0038FBDC /* Project object */;
}
